
Microsoft Visual Studio Solution File, Format Version 12.00
Project("{FAE04EC0-301F-11D3-BF4B-00C04F79EFBC}") = "Connect4Solver", "Connect4Solver\Connect4Solver.csproj", "{704F100E-233C-4012-A665-3DB5431809E3}"
EndProject
Global
	GlobalSection(SolutionConfigurationPlatforms) = preSolution
		Debug|Any CPU = Debug|Any CPU
		Release|Any CPU = Release|Any CPU
	EndGlobalSection
	GlobalSection(ProjectConfigurationPlatforms) = postSolution
		{704F100E-233C-4012-A665-3DB5431809E3}.Debug|Any CPU.ActiveCfg = Debug|Any CPU
		{704F100E-233C-4012-A665-3DB5431809E3}.Debug|Any CPU.Build.0 = Debug|Any CPU
		{704F100E-233C-4012-A665-3DB5431809E3}.Release|Any CPU.ActiveCfg = Release|Any CPU
		{704F100E-233C-4012-A665-3DB5431809E3}.Release|Any CPU.Build.0 = Release|Any CPU
	EndGlobalSection
EndGlobal
